
Microsoft Visual Studio Solution File, Format Version 12.00
# Visual Studio Version 17
VisualStudioVersion = 17.9.34607.119
MinimumVisualStudioVersion = 10.0.40219.1
Project("{FAE04EC0-301F-11D3-BF4B-00C04F79EFBC}") = "grhwrrh", "grhwrrh\grhwrrh.csproj", "{A3AD598B-002E-48E7-89E5-E478D6197501}"
EndProject
Global
	GlobalSection(SolutionConfigurationPlatforms) = preSolution
		Debug|Any CPU = Debug|Any CPU
		Release|Any CPU = Release|Any CPU
	EndGlobalSection
	GlobalSection(ProjectConfigurationPlatforms) = postSolution
		{A3AD598B-002E-48E7-89E5-E478D6197501}.Debug|Any CPU.ActiveCfg = Debug|Any CPU
		{A3AD598B-002E-48E7-89E5-E478D6197501}.Debug|Any CPU.Build.0 = Debug|Any CPU
		{A3AD598B-002E-48E7-89E5-E478D6197501}.Release|Any CPU.ActiveCfg = Release|Any CPU
		{A3AD598B-002E-48E7-89E5-E478D6197501}.Release|Any CPU.Build.0 = Release|Any CPU
	EndGlobalSection
	GlobalSection(SolutionProperties) = preSolution
		HideSolutionNode = FALSE
	EndGlobalSection
	GlobalSection(ExtensibilityGlobals) = postSolution
		SolutionGuid = {E419EA9B-3862-4AF5-9CE4-C3682FC09F31}
	EndGlobalSection
EndGlobal
